
Microsoft Visual Studio Solution File, Format Version 12.00
# Visual Studio Version 16
VisualStudioVersion = 16.0.34301.259
MinimumVisualStudioVersion = 10.0.40219.1
Project("{FAE04EC0-301F-11D3-BF4B-00C04F79EFBC}") = "квадраты в прямоугольнике", "квадраты в прямоугольнике\квадраты в прямоугольнике.csproj", "{BD6B14E1-BBC5-459C-BE85-9F91C0D7CE44}"
EndProject
Global
	GlobalSection(SolutionConfigurationPlatforms) = preSolution
		Debug|Any CPU = Debug|Any CPU
		Release|Any CPU = Release|Any CPU
	EndGlobalSection
	GlobalSection(ProjectConfigurationPlatforms) = postSolution
		{BD6B14E1-BBC5-459C-BE85-9F91C0D7CE44}.Debug|Any CPU.ActiveCfg = Debug|Any CPU
		{BD6B14E1-BBC5-459C-BE85-9F91C0D7CE44}.Debug|Any CPU.Build.0 = Debug|Any CPU
		{BD6B14E1-BBC5-459C-BE85-9F91C0D7CE44}.Release|Any CPU.ActiveCfg = Release|Any CPU
		{BD6B14E1-BBC5-459C-BE85-9F91C0D7CE44}.Release|Any CPU.Build.0 = Release|Any CPU
	EndGlobalSection
	GlobalSection(SolutionProperties) = preSolution
		HideSolutionNode = FALSE
	EndGlobalSection
	GlobalSection(ExtensibilityGlobals) = postSolution
		SolutionGuid = {DBF7EEF9-4F95-4694-BF81-F7ABE3582C26}
	EndGlobalSection
EndGlobal
